
Microsoft Visual Studio Solution File, Format Version 12.00
# Visual Studio Version 16
VisualStudioVersion = 16.0.29709.97
MinimumVisualStudioVersion = 10.0.40219.1
Project("{FAE04EC0-301F-11D3-BF4B-00C04F79EFBC}") = "PlanoDeEstudos.Android", "PlanoDeEstudos\PlanoDeEstudos.Android\PlanoDeEstudos.Android.csproj", "{5343671A-F8C1-4B36-9064-3F89FDF6B762}"
EndProject
Project("{FAE04EC0-301F-11D3-BF4B-00C04F79EFBC}") = "PlanoDeEstudos.iOS", "PlanoDeEstudos\PlanoDeEstudos.iOS\PlanoDeEstudos.iOS.csproj", "{00EFDC71-8069-4AF8-8350-AA35C913E2DC}"
EndProject
Project("{FAE04EC0-301F-11D3-BF4B-00C04F79EFBC}") = "PlanoDeEstudos", "PlanoDeEstudos\PlanoDeEstudos\PlanoDeEstudos.csproj", "{C609D477-E7FF-4942-AEC1-85535B271129}"
EndProject
Global
	GlobalSection(SolutionConfigurationPlatforms) = preSolution
		Debug|Any CPU = Debug|Any CPU
		Debug|iPhone = Debug|iPhone
		Debug|iPhoneSimulator = Debug|iPhoneSimulator
		Release|Any CPU = Release|Any CPU
		Release|iPhone = Release|iPhone
		Release|iPhoneSimulator = Release|iPhoneSimulator
	EndGlobalSection
	GlobalSection(ProjectConfigurationPlatforms) = postSolution
		{5343671A-F8C1-4B36-9064-3F89FDF6B762}.Debug|Any CPU.ActiveCfg = Debug|Any CPU
		{5343671A-F8C1-4B36-9064-3F89FDF6B762}.Debug|Any CPU.Build.0 = Debug|Any CPU
		{5343671A-F8C1-4B36-9064-3F89FDF6B762}.Debug|Any CPU.Deploy.0 = Debug|Any CPU
		{5343671A-F8C1-4B36-9064-3F89FDF6B762}.Debug|iPhone.ActiveCfg = Debug|Any CPU
		{5343671A-F8C1-4B36-9064-3F89FDF6B762}.Debug|iPhone.Build.0 = Debug|Any CPU
		{5343671A-F8C1-4B36-9064-3F89FDF6B762}.Debug|iPhone.Deploy.0 = Debug|Any CPU
		{5343671A-F8C1-4B36-9064-3F89FDF6B762}.Debug|iPhoneSimulator.ActiveCfg = Debug|Any CPU
		{5343671A-F8C1-4B36-9064-3F89FDF6B762}.Debug|iPhoneSimulator.Build.0 = Debug|Any CPU
		{5343671A-F8C1-4B36-9064-3F89FDF6B762}.Debug|iPhoneSimulator.Deploy.0 = Debug|Any CPU
		{5343671A-F8C1-4B36-9064-3F89FDF6B762}.Release|Any CPU.ActiveCfg = Release|Any CPU
		{5343671A-F8C1-4B36-9064-3F89FDF6B762}.Release|Any CPU.Build.0 = Release|Any CPU
		{5343671A-F8C1-4B36-9064-3F89FDF6B762}.Release|Any CPU.Deploy.0 = Release|Any CPU
		{5343671A-F8C1-4B36-9064-3F89FDF6B762}.Release|iPhone.ActiveCfg = Release|Any CPU
		{5343671A-F8C1-4B36-9064-3F89FDF6B762}.Release|iPhone.Build.0 = Release|Any CPU
		{5343671A-F8C1-4B36-9064-3F89FDF6B762}.Release|iPhone.Deploy.0 = Release|Any CPU
		{5343671A-F8C1-4B36-9064-3F89FDF6B762}.Release|iPhoneSimulator.ActiveCfg = Release|Any CPU
		{5343671A-F8C1-4B36-9064-3F89FDF6B762}.Release|iPhoneSimulator.Build.0 = Release|Any CPU
		{5343671A-F8C1-4B36-9064-3F89FDF6B762}.Release|iPhoneSimulator.Deploy.0 = Release|Any CPU
		{00EFDC71-8069-4AF8-8350-AA35C913E2DC}.Debug|Any CPU.ActiveCfg = Debug|iPhoneSimulator
		{00EFDC71-8069-4AF8-8350-AA35C913E2DC}.Debug|Any CPU.Build.0 = Debug|iPhoneSimulator
		{00EFDC71-8069-4AF8-8350-AA35C913E2DC}.Debug|Any CPU.Deploy.0 = Debug|iPhoneSimulator
		{00EFDC71-8069-4AF8-8350-AA35C913E2DC}.Debug|iPhone.ActiveCfg = Debug|iPhone
		{00EFDC71-8069-4AF8-8350-AA35C913E2DC}.Debug|iPhone.Build.0 = Debug|iPhone
		{00EFDC71-8069-4AF8-8350-AA35C913E2DC}.Debug|iPhone.Deploy.0 = Debug|iPhone
		{00EFDC71-8069-4AF8-8350-AA35C913E2DC}.Debug|iPhoneSimulator.ActiveCfg = Debug|iPhoneSimulator
		{00EFDC71-8069-4AF8-8350-AA35C913E2DC}.Debug|iPhoneSimulator.Build.0 = Debug|iPhoneSimulator
		{00EFDC71-8069-4AF8-8350-AA35C913E2DC}.Debug|iPhoneSimulator.Deploy.0 = Debug|iPhoneSimulator
		{00EFDC71-8069-4AF8-8350-AA35C913E2DC}.Release|Any CPU.ActiveCfg = Release|iPhone
		{00EFDC71-8069-4AF8-8350-AA35C913E2DC}.Release|Any CPU.Build.0 = Release|iPhone
		{00EFDC71-8069-4AF8-8350-AA35C913E2DC}.Release|Any CPU.Deploy.0 = Release|iPhone
		{00EFDC71-8069-4AF8-8350-AA35C913E2DC}.Release|iPhone.ActiveCfg = Release|iPhone
		{00EFDC71-8069-4AF8-8350-AA35C913E2DC}.Release|iPhone.Build.0 = Release|iPhone
		{00EFDC71-8069-4AF8-8350-AA35C913E2DC}.Release|iPhone.Deploy.0 = Release|iPhone
		{00EFDC71-8069-4AF8-8350-AA35C913E2DC}.Release|iPhoneSimulator.ActiveCfg = Release|iPhoneSimulator
		{00EFDC71-8069-4AF8-8350-AA35C913E2DC}.Release|iPhoneSimulator.Build.0 = Release|iPhoneSimulator
		{00EFDC71-8069-4AF8-8350-AA35C913E2DC}.Release|iPhoneSimulator.Deploy.0 = Release|iPhoneSimulator
		{C609D477-E7FF-4942-AEC1-85535B271129}.Debug|Any CPU.ActiveCfg = Debug|Any CPU
		{C609D477-E7FF-4942-AEC1-85535B271129}.Debug|Any CPU.Build.0 = Debug|Any CPU
		{C609D477-E7FF-4942-AEC1-85535B271129}.Debug|Any CPU.Deploy.0 = Debug|Any CPU
		{C609D477-E7FF-4942-AEC1-85535B271129}.Debug|iPhone.ActiveCfg = Debug|Any CPU
		{C609D477-E7FF-4942-AEC1-85535B271129}.Debug|iPhone.Build.0 = Debug|Any CPU
		{C609D477-E7FF-4942-AEC1-85535B271129}.Debug|iPhone.Deploy.0 = Debug|Any CPU
		{C609D477-E7FF-4942-AEC1-85535B271129}.Debug|iPhoneSimulator.ActiveCfg = Debug|Any CPU
		{C609D477-E7FF-4942-AEC1-85535B271129}.Debug|iPhoneSimulator.Build.0 = Debug|Any CPU
		{C609D477-E7FF-4942-AEC1-85535B271129}.Debug|iPhoneSimulator.Deploy.0 = Debug|Any CPU
		{C609D477-E7FF-4942-AEC1-85535B271129}.Release|Any CPU.ActiveCfg = Release|Any CPU
		{C609D477-E7FF-4942-AEC1-85535B271129}.Release|Any CPU.Build.0 = Release|Any CPU
		{C609D477-E7FF-4942-AEC1-85535B271129}.Release|Any CPU.Deploy.0 = Release|Any CPU
		{C609D477-E7FF-4942-AEC1-85535B271129}.Release|iPhone.ActiveCfg = Release|Any CPU
		{C609D477-E7FF-4942-AEC1-85535B271129}.Release|iPhone.Build.0 = Release|Any CPU
		{C609D477-E7FF-4942-AEC1-85535B271129}.Release|iPhone.Deploy.0 = Release|Any CPU
		{C609D477-E7FF-4942-AEC1-85535B271129}.Release|iPhoneSimulator.ActiveCfg = Release|Any CPU
		{C609D477-E7FF-4942-AEC1-85535B271129}.Release|iPhoneSimulator.Build.0 = Release|Any CPU
		{C609D477-E7FF-4942-AEC1-85535B271129}.Release|iPhoneSimulator.Deploy.0 = Release|Any CPU
	EndGlobalSection
	GlobalSection(SolutionProperties) = preSolution
		HideSolutionNode = FALSE
	EndGlobalSection
	GlobalSection(ExtensibilityGlobals) = postSolution
		SolutionGuid = {34FAB93F-DE23-4D0A-BAAB-C066D1953369}
	EndGlobalSection
EndGlobal
